<?xml version="1.0" encoding="UTF-8" standalone="yes" ?>
<CodeBlocks_project_file>
	<FileVersion major="1" minor="6" />
	<Project>
		<Option title="tatsumoto-valero-assn3-prog" />
		<Option pch_mode="2" />
		<Option compiler="gcc" />
		<Build>
			<Target title="Debug">
				<Option output="bin/Debug/tatsumoto-valero-assn3-prog" prefix_auto="1" extension_auto="1" />
				<Option object_output="obj/Debug/" />
				<Option type="1" />
				<Option compiler="gcc" />
				<Compiler>
					<Add option="-g" />
				</Compiler>
			</Target>
			<Target title="Release">
				<Option output="bin/Release/tatsumoto-valero-assn3-prog" prefix_auto="1" extension_auto="1" />
				<Option object_output="obj/Release/" />
				<Option type="1" />
				<Option compiler="gcc" />
				<Compiler>
					<Add option="-O2" />
				</Compiler>
				<Linker>
					<Add option="-s" />
				</Linker>
			</Target>
		</Build>
		<Compiler>
			<Add option="-Wall" />
			<Add option="-fexceptions" />
		</Compiler>
		<Unit filename="../Tatsumoto-assn3-funcs.cpp" />
		<Unit filename="../Tatsumoto-assn3-funcs.h" />
		<Unit filename="../TatsumotoValero-Assn3-main.cpp" />
		<Unit filename="../Valero-assn3-funcs.cpp" />
		<Unit filename="../Valero-assn3-funcs.h" />
		<Unit filename="../tatsumotovalero-assn3-common.cpp" />
		<Unit filename="../tatsumotovalero-assn3-common.h" />
		<Extensions>
			<code_completion />
			<envvars />
			<debugger />
		</Extensions>
	</Project>
</CodeBlocks_project_file>
